
Microsoft Visual Studio Solution File, Format Version 12.00
# Visual Studio Version 17
VisualStudioVersion = 17.5.002.0
MinimumVisualStudioVersion = 10.0.40219.1
Project("{9A19103F-16F7-4668-BE54-9A1E7A4F7556}") = "resize-image", "resize-image.csproj", "{1A01E4EA-1D3F-4E04-AACB-3B674F6DCFF1}"
EndProject
Global
	GlobalSection(SolutionConfigurationPlatforms) = preSolution
		Debug|Any CPU = Debug|Any CPU
		Release|Any CPU = Release|Any CPU
	EndGlobalSection
	GlobalSection(ProjectConfigurationPlatforms) = postSolution
		{1A01E4EA-1D3F-4E04-AACB-3B674F6DCFF1}.Debug|Any CPU.ActiveCfg = Debug|Any CPU
		{1A01E4EA-1D3F-4E04-AACB-3B674F6DCFF1}.Debug|Any CPU.Build.0 = Debug|Any CPU
		{1A01E4EA-1D3F-4E04-AACB-3B674F6DCFF1}.Release|Any CPU.ActiveCfg = Release|Any CPU
		{1A01E4EA-1D3F-4E04-AACB-3B674F6DCFF1}.Release|Any CPU.Build.0 = Release|Any CPU
	EndGlobalSection
	GlobalSection(SolutionProperties) = preSolution
		HideSolutionNode = FALSE
	EndGlobalSection
	GlobalSection(ExtensibilityGlobals) = postSolution
		SolutionGuid = {2E412872-BAFC-49B2-87F1-C78E10FA1AF4}
	EndGlobalSection
EndGlobal
